
Microsoft Visual Studio Solution File, Format Version 12.00
# Visual Studio Version 16
VisualStudioVersion = 16.0.31729.503
MinimumVisualStudioVersion = 10.0.40219.1
Project("{FAE04EC0-301F-11D3-BF4B-00C04F79EFBC}") = "Tickets Seller", "Tickets Seller\Tickets Seller.csproj", "{ECB79CE1-AE86-45B1-B2CD-FBC95F9663FB}"
EndProject
Global
	GlobalSection(SolutionConfigurationPlatforms) = preSolution
		Debug|Any CPU = Debug|Any CPU
		Release|Any CPU = Release|Any CPU
	EndGlobalSection
	GlobalSection(ProjectConfigurationPlatforms) = postSolution
		{ECB79CE1-AE86-45B1-B2CD-FBC95F9663FB}.Debug|Any CPU.ActiveCfg = Debug|Any CPU
		{ECB79CE1-AE86-45B1-B2CD-FBC95F9663FB}.Debug|Any CPU.Build.0 = Debug|Any CPU
		{ECB79CE1-AE86-45B1-B2CD-FBC95F9663FB}.Release|Any CPU.ActiveCfg = Release|Any CPU
		{ECB79CE1-AE86-45B1-B2CD-FBC95F9663FB}.Release|Any CPU.Build.0 = Release|Any CPU
	EndGlobalSection
	GlobalSection(SolutionProperties) = preSolution
		HideSolutionNode = FALSE
	EndGlobalSection
	GlobalSection(ExtensibilityGlobals) = postSolution
		SolutionGuid = {4F6A273D-E0AE-434C-AB57-5A6AB66327E1}
	EndGlobalSection
EndGlobal
